
Microsoft Visual Studio Solution File, Format Version 12.00
# Visual Studio Version 17
VisualStudioVersion = 17.13.35931.197
MinimumVisualStudioVersion = 10.0.40219.1
Project("{FAE04EC0-301F-11D3-BF4B-00C04F79EFBC}") = "GymProjectClient", "GymProjectClient.csproj", "{56B35A26-40C0-4AC5-AC80-DD980E49744D}"
EndProject
Project("{FAE04EC0-301F-11D3-BF4B-00C04F79EFBC}") = "gym-project-business-logic", "..\gym-web-project\gym-project-business-logic\gym-project-business-logic.csproj", "{D7A72355-5605-9730-4777-9A3E2373A80E}"
EndProject
Global
	GlobalSection(SolutionConfigurationPlatforms) = preSolution
		Debug|Any CPU = Debug|Any CPU
		Release|Any CPU = Release|Any CPU
	EndGlobalSection
	GlobalSection(ProjectConfigurationPlatforms) = postSolution
		{56B35A26-40C0-4AC5-AC80-DD980E49744D}.Debug|Any CPU.ActiveCfg = Debug|Any CPU
		{56B35A26-40C0-4AC5-AC80-DD980E49744D}.Debug|Any CPU.Build.0 = Debug|Any CPU
		{56B35A26-40C0-4AC5-AC80-DD980E49744D}.Release|Any CPU.ActiveCfg = Release|Any CPU
		{56B35A26-40C0-4AC5-AC80-DD980E49744D}.Release|Any CPU.Build.0 = Release|Any CPU
		{D7A72355-5605-9730-4777-9A3E2373A80E}.Debug|Any CPU.ActiveCfg = Debug|Any CPU
		{D7A72355-5605-9730-4777-9A3E2373A80E}.Debug|Any CPU.Build.0 = Debug|Any CPU
		{D7A72355-5605-9730-4777-9A3E2373A80E}.Release|Any CPU.ActiveCfg = Release|Any CPU
		{D7A72355-5605-9730-4777-9A3E2373A80E}.Release|Any CPU.Build.0 = Release|Any CPU
	EndGlobalSection
	GlobalSection(SolutionProperties) = preSolution
		HideSolutionNode = FALSE
	EndGlobalSection
	GlobalSection(ExtensibilityGlobals) = postSolution
		SolutionGuid = {A62D39BC-72FF-48E4-AADB-58E05A943849}
	EndGlobalSection
EndGlobal
